
Microsoft Visual Studio Solution File, Format Version 12.00
# Visual Studio 15
VisualStudioVersion = 15.0.28010.2036
MinimumVisualStudioVersion = 10.0.40219.1
Project("{FAE04EC0-301F-11D3-BF4B-00C04F79EFBC}") = "Hodor", "CognitivePlayground\Hodor.csproj", "{0AF5B63C-AC9F-4A33-B136-41BED3B7F85B}"
EndProject
Global
	GlobalSection(SolutionConfigurationPlatforms) = preSolution
		Debug|Any CPU = Debug|Any CPU
		Release|Any CPU = Release|Any CPU
	EndGlobalSection
	GlobalSection(ProjectConfigurationPlatforms) = postSolution
		{0AF5B63C-AC9F-4A33-B136-41BED3B7F85B}.Debug|Any CPU.ActiveCfg = Debug|Any CPU
		{0AF5B63C-AC9F-4A33-B136-41BED3B7F85B}.Debug|Any CPU.Build.0 = Debug|Any CPU
		{0AF5B63C-AC9F-4A33-B136-41BED3B7F85B}.Release|Any CPU.ActiveCfg = Release|Any CPU
		{0AF5B63C-AC9F-4A33-B136-41BED3B7F85B}.Release|Any CPU.Build.0 = Release|Any CPU
	EndGlobalSection
	GlobalSection(SolutionProperties) = preSolution
		HideSolutionNode = FALSE
	EndGlobalSection
	GlobalSection(ExtensibilityGlobals) = postSolution
		SolutionGuid = {2C5557AA-7E25-45B5-B1FC-000A798AA5C4}
	EndGlobalSection
EndGlobal
